// !$*UTF8*$!
{
	archiveVersion = 1;
	classes = {
	};
	objectVersion = 48;
	objects = {

/* Begin PBXBuildFile section */
		1BBC40E067AC8B82A478E32F /* Pods_RCC_Guide.framework in Frameworks */ = {isa = PBXBuildFile; fileRef = 736C0DADB86A380D889AC054 /* Pods_RCC_Guide.framework */; };
		290D38E3203164AE009D6919 /* RCCContentContainerViewController.m in Sources */ = {isa = PBXBuildFile; fileRef = 290D38E2203164AE009D6919 /* RCCContentContainerViewController.m */; };
		290D38E820316557009D6919 /* RCCContentSideMenuViewController.m in Sources */ = {isa = PBXBuildFile; fileRef = 290D38E720316557009D6919 /* RCCContentSideMenuViewController.m */; };
		291EA3F1202DC40F0060A98A /* ContentAppInformation.plist in Resources */ = {isa = PBXBuildFile; fileRef = 291EA3F0202DC40E0060A98A /* ContentAppInformation.plist */; };
		299E025C2032060300646CFC /* RCCHomeViewController.m in Sources */ = {isa = PBXBuildFile; fileRef = 299E025B2032060300646CFC /* RCCHomeViewController.m */; };
		299E025F2032181400646CFC /* UIFont+RCCApp.m in Sources */ = {isa = PBXBuildFile; fileRef = 299E025E2032181400646CFC /* UIFont+RCCApp.m */; };
		29C275DE202B19D70054B652 /* Main.storyboard in Resources */ = {isa = PBXBuildFile; fileRef = 29C275DD202B19D70054B652 /* Main.storyboard */; };
		29C275E7202B1CCC0054B652 /* RCCContentViewController.m in Sources */ = {isa = PBXBuildFile; fileRef = 29C275E6202B1CCC0054B652 /* RCCContentViewController.m */; };
		29C275EB202B1D530054B652 /* RCCContentListViewController.m in Sources */ = {isa = PBXBuildFile; fileRef = 29C275EA202B1D530054B652 /* RCCContentListViewController.m */; };
		29C275EF202B1D840054B652 /* RCCAppMenuViewController.m in Sources */ = {isa = PBXBuildFile; fileRef = 29C275EE202B1D840054B652 /* RCCAppMenuViewController.m */; };
		29C4328A2029D8D7009EC2CF /* AppDelegate.m in Sources */ = {isa = PBXBuildFile; fileRef = 29C432892029D8D7009EC2CF /* AppDelegate.m */; };
		29C432902029D8D7009EC2CF /* Content.storyboard in Resources */ = {isa = PBXBuildFile; fileRef = 29C4328E2029D8D7009EC2CF /* Content.storyboard */; };
		29C432922029D8D7009EC2CF /* Assets.xcassets in Resources */ = {isa = PBXBuildFile; fileRef = 29C432912029D8D7009EC2CF /* Assets.xcassets */; };
		29C432982029D8D7009EC2CF /* main.m in Sources */ = {isa = PBXBuildFile; fileRef = 29C432972029D8D7009EC2CF /* main.m */; };
		29C432A22029DF16009EC2CF /* NotoSans-Regular.ttf in Resources */ = {isa = PBXBuildFile; fileRef = 29C432A02029DF15009EC2CF /* NotoSans-Regular.ttf */; };
		29C432A32029DF16009EC2CF /* NotoSans-Bold.ttf in Resources */ = {isa = PBXBuildFile; fileRef = 29C432A12029DF15009EC2CF /* NotoSans-Bold.ttf */; };
		29C57BBC202C101500BEF614 /* RCCContentMainMenuViewController.m in Sources */ = {isa = PBXBuildFile; fileRef = 29C57BBB202C101500BEF614 /* RCCContentMainMenuViewController.m */; };
		29C57BC0202C1BAE00BEF614 /* RCCAppMenuDataSource.m in Sources */ = {isa = PBXBuildFile; fileRef = 29C57BBF202C1BAE00BEF614 /* RCCAppMenuDataSource.m */; };
		29C57BC3202C1C8700BEF614 /* RCCAppMenuItem.m in Sources */ = {isa = PBXBuildFile; fileRef = 29C57BC2202C1C8700BEF614 /* RCCAppMenuItem.m */; };
		29C57BC5202C1FCD00BEF614 /* AppMenu.plist in Resources */ = {isa = PBXBuildFile; fileRef = 29C57BC4202C1FCD00BEF614 /* AppMenu.plist */; };
		29C57BC8202C31B700BEF614 /* UIColor+RCCAppColor.m in Sources */ = {isa = PBXBuildFile; fileRef = 29C57BC7202C31B700BEF614 /* UIColor+RCCAppColor.m */; };
		29C57BCF202C399100BEF614 /* RCCMainSideMenuViewController.m in Sources */ = {isa = PBXBuildFile; fileRef = 29C57BCE202C399100BEF614 /* RCCMainSideMenuViewController.m */; };
		29C57BF2202C82DE00BEF614 /* RCCWebViewController.m in Sources */ = {isa = PBXBuildFile; fileRef = 29C57BF1202C82DE00BEF614 /* RCCWebViewController.m */; };
		29DEFFFD202D6D45000E424B /* RCCContentListDataSource.m in Sources */ = {isa = PBXBuildFile; fileRef = 29DEFFFC202D6D45000E424B /* RCCContentListDataSource.m */; };
		29F7CFF9202D63C000B75900 /* RCCContentData.m in Sources */ = {isa = PBXBuildFile; fileRef = 29F7CFF8202D63C000B75900 /* RCCContentData.m */; };
		29F7CFFC202D65F800B75900 /* RCCContentProvider.m in Sources */ = {isa = PBXBuildFile; fileRef = 29F7CFFB202D65F800B75900 /* RCCContentProvider.m */; };
		29F7CFFE202D685300B75900 /* output.json in Resources */ = {isa = PBXBuildFile; fileRef = 29F7CFFD202D685300B75900 /* output.json */; };
/* End PBXBuildFile section */

/* Begin PBXFileReference section */
		290D38E1203164AE009D6919 /* RCCContentContainerViewController.h */ = {isa = PBXFileReference; lastKnownFileType = sourcecode.c.h; path = RCCContentContainerViewController.h; sourceTree = "<group>"; };
		290D38E2203164AE009D6919 /* RCCContentContainerViewController.m */ = {isa = PBXFileReference; lastKnownFileType = sourcecode.c.objc; path = RCCContentContainerViewController.m; sourceTree = "<group>"; };
		290D38E620316557009D6919 /* RCCContentSideMenuViewController.h */ = {isa = PBXFileReference; lastKnownFileType = sourcecode.c.h; path = RCCContentSideMenuViewController.h; sourceTree = "<group>"; };
		290D38E720316557009D6919 /* RCCContentSideMenuViewController.m */ = {isa = PBXFileReference; lastKnownFileType = sourcecode.c.objc; path = RCCContentSideMenuViewController.m; sourceTree = "<group>"; };
		291EA3F0202DC40E0060A98A /* ContentAppInformation.plist */ = {isa = PBXFileReference; lastKnownFileType = text.plist.xml; path = ContentAppInformation.plist; sourceTree = "<group>"; };
		299E025A2032060300646CFC /* RCCHomeViewController.h */ = {isa = PBXFileReference; lastKnownFileType = sourcecode.c.h; path = RCCHomeViewController.h; sourceTree = "<group>"; };
		299E025B2032060300646CFC /* RCCHomeViewController.m */ = {isa = PBXFileReference; lastKnownFileType = sourcecode.c.objc; path = RCCHomeViewController.m; sourceTree = "<group>"; };
		299E025D2032181400646CFC /* UIFont+RCCApp.h */ = {isa = PBXFileReference; lastKnownFileType = sourcecode.c.h; path = "UIFont+RCCApp.h"; sourceTree = "<group>"; };
		299E025E2032181400646CFC /* UIFont+RCCApp.m */ = {isa = PBXFileReference; lastKnownFileType = sourcecode.c.objc; path = "UIFont+RCCApp.m"; sourceTree = "<group>"; };
		29C275DD202B19D70054B652 /* Main.storyboard */ = {isa = PBXFileReference; lastKnownFileType = file.storyboard; path = Main.storyboard; sourceTree = "<group>"; };
		29C275E5202B1CCC0054B652 /* RCCContentViewController.h */ = {isa = PBXFileReference; lastKnownFileType = sourcecode.c.h; path = RCCContentViewController.h; sourceTree = "<group>"; };
		29C275E6202B1CCC0054B652 /* RCCContentViewController.m */ = {isa = PBXFileReference; lastKnownFileType = sourcecode.c.objc; path = RCCContentViewController.m; sourceTree = "<group>"; };
		29C275E9202B1D530054B652 /* RCCContentListViewController.h */ = {isa = PBXFileReference; lastKnownFileType = sourcecode.c.h; path = RCCContentListViewController.h; sourceTree = "<group>"; };
		29C275EA202B1D530054B652 /* RCCContentListViewController.m */ = {isa = PBXFileReference; lastKnownFileType = sourcecode.c.objc; path = RCCContentListViewController.m; sourceTree = "<group>"; };
		29C275ED202B1D840054B652 /* RCCAppMenuViewController.h */ = {isa = PBXFileReference; lastKnownFileType = sourcecode.c.h; path = RCCAppMenuViewController.h; sourceTree = "<group>"; };
		29C275EE202B1D840054B652 /* RCCAppMenuViewController.m */ = {isa = PBXFileReference; lastKnownFileType = sourcecode.c.objc; path = RCCAppMenuViewController.m; sourceTree = "<group>"; };
		29C432852029D8D7009EC2CF /* RCC Guide.app */ = {isa = PBXFileReference; explicitFileType = wrapper.application; includeInIndex = 0; path = "RCC Guide.app"; sourceTree = BUILT_PRODUCTS_DIR; };
		29C432882029D8D7009EC2CF /* AppDelegate.h */ = {isa = PBXFileReference; lastKnownFileType = sourcecode.c.h; path = AppDelegate.h; sourceTree = "<group>"; };
		29C432892029D8D7009EC2CF /* AppDelegate.m */ = {isa = PBXFileReference; lastKnownFileType = sourcecode.c.objc; path = AppDelegate.m; sourceTree = "<group>"; };
		29C4328F2029D8D7009EC2CF /* Base */ = {isa = PBXFileReference; lastKnownFileType = file.storyboard; name = Base; path = Base.lproj/Content.storyboard; sourceTree = "<group>"; };
		29C432912029D8D7009EC2CF /* Assets.xcassets */ = {isa = PBXFileReference; lastKnownFileType = folder.assetcatalog; path = Assets.xcassets; sourceTree = "<group>"; };
		29C432962029D8D7009EC2CF /* Info.plist */ = {isa = PBXFileReference; lastKnownFileType = text.plist.xml; path = Info.plist; sourceTree = "<group>"; };
		29C432972029D8D7009EC2CF /* main.m */ = {isa = PBXFileReference; lastKnownFileType = sourcecode.c.objc; path = main.m; sourceTree = "<group>"; };
		29C432A02029DF15009EC2CF /* NotoSans-Regular.ttf */ = {isa = PBXFileReference; lastKnownFileType = file; path = "NotoSans-Regular.ttf"; sourceTree = "<group>"; };
		29C432A12029DF15009EC2CF /* NotoSans-Bold.ttf */ = {isa = PBXFileReference; lastKnownFileType = file; path = "NotoSans-Bold.ttf"; sourceTree = "<group>"; };
		29C57BBA202C101500BEF614 /* RCCContentMainMenuViewController.h */ = {isa = PBXFileReference; lastKnownFileType = sourcecode.c.h; path = RCCContentMainMenuViewController.h; sourceTree = "<group>"; };
		29C57BBB202C101500BEF614 /* RCCContentMainMenuViewController.m */ = {isa = PBXFileReference; lastKnownFileType = sourcecode.c.objc; path = RCCContentMainMenuViewController.m; sourceTree = "<group>"; };
		29C57BBE202C1BAE00BEF614 /* RCCAppMenuDataSource.h */ = {isa = PBXFileReference; lastKnownFileType = sourcecode.c.h; path = RCCAppMenuDataSource.h; sourceTree = "<group>"; };
		29C57BBF202C1BAE00BEF614 /* RCCAppMenuDataSource.m */ = {isa = PBXFileReference; lastKnownFileType = sourcecode.c.objc; path = RCCAppMenuDataSource.m; sourceTree = "<group>"; };
		29C57BC1202C1C8700BEF614 /* RCCAppMenuItem.h */ = {isa = PBXFileReference; lastKnownFileType = sourcecode.c.h; path = RCCAppMenuItem.h; sourceTree = "<group>"; };
		29C57BC2202C1C8700BEF614 /* RCCAppMenuItem.m */ = {isa = PBXFileReference; lastKnownFileType = sourcecode.c.objc; path = RCCAppMenuItem.m; sourceTree = "<group>"; };
		29C57BC4202C1FCD00BEF614 /* AppMenu.plist */ = {isa = PBXFileReference; lastKnownFileType = text.plist.xml; path = AppMenu.plist; sourceTree = "<group>"; };
		29C57BC6202C31B700BEF614 /* UIColor+RCCAppColor.h */ = {isa = PBXFileReference; lastKnownFileType = sourcecode.c.h; path = "UIColor+RCCAppColor.h"; sourceTree = "<group>"; };
		29C57BC7202C31B700BEF614 /* UIColor+RCCAppColor.m */ = {isa = PBXFileReference; lastKnownFileType = sourcecode.c.objc; path = "UIColor+RCCAppColor.m"; sourceTree = "<group>"; };
		29C57BCD202C399100BEF614 /* RCCMainSideMenuViewController.h */ = {isa = PBXFileReference; lastKnownFileType = sourcecode.c.h; path = RCCMainSideMenuViewController.h; sourceTree = "<group>"; };
		29C57BCE202C399100BEF614 /* RCCMainSideMenuViewController.m */ = {isa = PBXFileReference; lastKnownFileType = sourcecode.c.objc; path = RCCMainSideMenuViewController.m; sourceTree = "<group>"; };
		29C57BF0202C82DE00BEF614 /* RCCWebViewController.h */ = {isa = PBXFileReference; lastKnownFileType = sourcecode.c.h; path = RCCWebViewController.h; sourceTree = "<group>"; };
		29C57BF1202C82DE00BEF614 /* RCCWebViewController.m */ = {isa = PBXFileReference; lastKnownFileType = sourcecode.c.objc; path = RCCWebViewController.m; sourceTree = "<group>"; };
		29C57BF3202C848200BEF614 /* WebKit.framework */ = {isa = PBXFileReference; lastKnownFileType = wrapper.framework; name = WebKit.framework; path = System/Library/Frameworks/WebKit.framework; sourceTree = SDKROOT; };
		29DEFFFB202D6D45000E424B /* RCCContentListDataSource.h */ = {isa = PBXFileReference; lastKnownFileType = sourcecode.c.h; path = RCCContentListDataSource.h; sourceTree = "<group>"; };
		29DEFFFC202D6D45000E424B /* RCCContentListDataSource.m */ = {isa = PBXFileReference; lastKnownFileType = sourcecode.c.objc; path = RCCContentListDataSource.m; sourceTree = "<group>"; };
		29F7CFF7202D63C000B75900 /* RCCContentData.h */ = {isa = PBXFileReference; lastKnownFileType = sourcecode.c.h; path = RCCContentData.h; sourceTree = "<group>"; };
		29F7CFF8202D63C000B75900 /* RCCContentData.m */ = {isa = PBXFileReference; lastKnownFileType = sourcecode.c.objc; path = RCCContentData.m; sourceTree = "<group>"; };
		29F7CFFA202D65F800B75900 /* RCCContentProvider.h */ = {isa = PBXFileReference; lastKnownFileType = sourcecode.c.h; path = RCCContentProvider.h; sourceTree = "<group>"; };
		29F7CFFB202D65F800B75900 /* RCCContentProvider.m */ = {isa = PBXFileReference; lastKnownFileType = sourcecode.c.objc; path = RCCContentProvider.m; sourceTree = "<group>"; };
		29F7CFFD202D685300B75900 /* output.json */ = {isa = PBXFileReference; fileEncoding = 4; lastKnownFileType = text.json; path = output.json; sourceTree = "<group>"; };
		736C0DADB86A380D889AC054 /* Pods_RCC_Guide.framework */ = {isa = PBXFileReference; explicitFileType = wrapper.framework; includeInIndex = 0; path = Pods_RCC_Guide.framework; sourceTree = BUILT_PRODUCTS_DIR; };
		76862CEAC2471AF4591F3478 /* Pods-RCC Guide.release.xcconfig */ = {isa = PBXFileReference; includeInIndex = 1; lastKnownFileType = text.xcconfig; name = "Pods-RCC Guide.release.xcconfig"; path = "Pods/Target Support Files/Pods-RCC Guide/Pods-RCC Guide.release.xcconfig"; sourceTree = "<group>"; };
		F19B7878D4EE03C578E83A34 /* Pods-RCC Guide.debug.xcconfig */ = {isa = PBXFileReference; includeInIndex = 1; lastKnownFileType = text.xcconfig; name = "Pods-RCC Guide.debug.xcconfig"; path = "Pods/Target Support Files/Pods-RCC Guide/Pods-RCC Guide.debug.xcconfig"; sourceTree = "<group>"; };
/* End PBXFileReference section */

/* Begin PBXFrameworksBuildPhase section */
		29C432822029D8D7009EC2CF /* Frameworks */ = {
			isa = PBXFrameworksBuildPhase;
			buildActionMask = 2147483647;
			files = (
				1BBC40E067AC8B82A478E32F /* Pods_RCC_Guide.framework in Frameworks */,
			);
			runOnlyForDeploymentPostprocessing = 0;
		};
/* End PBXFrameworksBuildPhase section */

/* Begin PBXGroup section */
		290D38E4203164C1009D6919 /* ContentMenuViewController */ = {
			isa = PBXGroup;
			children = (
				290D38E52031652B009D6919 /* ContentSideMenuController */,
				29C275E8202B1D1A0054B652 /* ContentListViewController */,
			);
			name = ContentMenuViewController;
			sourceTree = "<group>";
		};
		290D38E52031652B009D6919 /* ContentSideMenuController */ = {
			isa = PBXGroup;
			children = (
				290D38E620316557009D6919 /* RCCContentSideMenuViewController.h */,
				290D38E720316557009D6919 /* RCCContentSideMenuViewController.m */,
			);
			name = ContentSideMenuController;
			sourceTree = "<group>";
		};
		299E0254202A37BA00646CFC /* Supporting Files */ = {
			isa = PBXGroup;
			children = (
				29F7CFFD202D685300B75900 /* output.json */,
				29C57BC4202C1FCD00BEF614 /* AppMenu.plist */,
				29C432972029D8D7009EC2CF /* main.m */,
				29C432962029D8D7009EC2CF /* Info.plist */,
				29C432A02029DF15009EC2CF /* NotoSans-Regular.ttf */,
				29C432A12029DF15009EC2CF /* NotoSans-Bold.ttf */,
				291EA3F0202DC40E0060A98A /* ContentAppInformation.plist */,
			);
			name = "Supporting Files";
			sourceTree = "<group>";
		};
		299E0255202B7ACB00646CFC /* ContentViewControllers */ = {
			isa = PBXGroup;
			children = (
				290D38E4203164C1009D6919 /* ContentMenuViewController */,
				299E0257202B7B2C00646CFC /* ContentContainerViewController */,
				29C275F0202B1D990054B652 /* ContentMainMenuViewController */,
				299E0256202B7AF500646CFC /* ContentViewController */,
			);
			name = ContentViewControllers;
			sourceTree = "<group>";
		};
		299E0256202B7AF500646CFC /* ContentViewController */ = {
			isa = PBXGroup;
			children = (
				29C275E5202B1CCC0054B652 /* RCCContentViewController.h */,
				29C275E6202B1CCC0054B652 /* RCCContentViewController.m */,
			);
			name = ContentViewController;
			sourceTree = "<group>";
		};
		299E0257202B7B2C00646CFC /* ContentContainerViewController */ = {
			isa = PBXGroup;
			children = (
				290D38E1203164AE009D6919 /* RCCContentContainerViewController.h */,
				290D38E2203164AE009D6919 /* RCCContentContainerViewController.m */,
			);
			name = ContentContainerViewController;
			sourceTree = "<group>";
		};
		299E0259203205E600646CFC /* HomeViewController */ = {
			isa = PBXGroup;
			children = (
				299E025A2032060300646CFC /* RCCHomeViewController.h */,
				299E025B2032060300646CFC /* RCCHomeViewController.m */,
			);
			name = HomeViewController;
			sourceTree = "<group>";
		};
		29C275DB202B0BC10054B652 /* ViewControllers */ = {
			isa = PBXGroup;
			children = (
				299E0259203205E600646CFC /* HomeViewController */,
				29C57BEE202C801900BEF614 /* WebViewController */,
				299E0255202B7ACB00646CFC /* ContentViewControllers */,
				29C275EC202B1D5F0054B652 /* AppMenuViewController */,
			);
			name = ViewControllers;
			sourceTree = "<group>";
		};
		29C275DF202B19DE0054B652 /* StoryBoards */ = {
			isa = PBXGroup;
			children = (
				29C275DD202B19D70054B652 /* Main.storyboard */,
				29C4328E2029D8D7009EC2CF /* Content.storyboard */,
			);
			name = StoryBoards;
			sourceTree = "<group>";
		};
		29C275E8202B1D1A0054B652 /* ContentListViewController */ = {
			isa = PBXGroup;
			children = (
				29DEFFFA202D6D21000E424B /* DataSource */,
				29C275E9202B1D530054B652 /* RCCContentListViewController.h */,
				29C275EA202B1D530054B652 /* RCCContentListViewController.m */,
			);
			name = ContentListViewController;
			sourceTree = "<group>";
		};
		29C275EC202B1D5F0054B652 /* AppMenuViewController */ = {
			isa = PBXGroup;
			children = (
				29C57BED202C7AAE00BEF614 /* MainSideMenuViewController */,
				29C57BBD202C18B900BEF614 /* DataSource */,
				29C275ED202B1D840054B652 /* RCCAppMenuViewController.h */,
				29C275EE202B1D840054B652 /* RCCAppMenuViewController.m */,
			);
			name = AppMenuViewController;
			sourceTree = "<group>";
		};
		29C275F0202B1D990054B652 /* ContentMainMenuViewController */ = {
			isa = PBXGroup;
			children = (
				29C57BBA202C101500BEF614 /* RCCContentMainMenuViewController.h */,
				29C57BBB202C101500BEF614 /* RCCContentMainMenuViewController.m */,
			);
			name = ContentMainMenuViewController;
			sourceTree = "<group>";
		};
		29C275F4202B25990054B652 /* Categories */ = {
			isa = PBXGroup;
			children = (
				29C57BC6202C31B700BEF614 /* UIColor+RCCAppColor.h */,
				29C57BC7202C31B700BEF614 /* UIColor+RCCAppColor.m */,
				299E025D2032181400646CFC /* UIFont+RCCApp.h */,
				299E025E2032181400646CFC /* UIFont+RCCApp.m */,
			);
			name = Categories;
			sourceTree = "<group>";
		};
		29C4327C2029D8D7009EC2CF = {
			isa = PBXGroup;
			children = (
				29C432872029D8D7009EC2CF /* RCC Guide */,
				29C432862029D8D7009EC2CF /* Products */,
				2D1838E038A14E2A33D6663F /* Pods */,
				7FA36203640B53C9C6BB3E63 /* Frameworks */,
			);
			sourceTree = "<group>";
		};
		29C432862029D8D7009EC2CF /* Products */ = {
			isa = PBXGroup;
			children = (
				29C432852029D8D7009EC2CF /* RCC Guide.app */,
			);
			name = Products;
			sourceTree = "<group>";
		};
		29C432872029D8D7009EC2CF /* RCC Guide */ = {
			isa = PBXGroup;
			children = (
				29F7CFF6202D639500B75900 /* Model */,
				29C275F4202B25990054B652 /* Categories */,
				29C275DF202B19DE0054B652 /* StoryBoards */,
				29C275DB202B0BC10054B652 /* ViewControllers */,
				29C432882029D8D7009EC2CF /* AppDelegate.h */,
				29C432892029D8D7009EC2CF /* AppDelegate.m */,
				29C432912029D8D7009EC2CF /* Assets.xcassets */,
				299E0254202A37BA00646CFC /* Supporting Files */,
			);
			path = "RCC Guide";
			sourceTree = "<group>";
		};
		29C57BBD202C18B900BEF614 /* DataSource */ = {
			isa = PBXGroup;
			children = (
				29C57BBE202C1BAE00BEF614 /* RCCAppMenuDataSource.h */,
				29C57BBF202C1BAE00BEF614 /* RCCAppMenuDataSource.m */,
				29C57BC1202C1C8700BEF614 /* RCCAppMenuItem.h */,
				29C57BC2202C1C8700BEF614 /* RCCAppMenuItem.m */,
			);
			name = DataSource;
			sourceTree = "<group>";
		};
		29C57BED202C7AAE00BEF614 /* MainSideMenuViewController */ = {
			isa = PBXGroup;
			children = (
				29C57BCD202C399100BEF614 /* RCCMainSideMenuViewController.h */,
				29C57BCE202C399100BEF614 /* RCCMainSideMenuViewController.m */,
			);
			name = MainSideMenuViewController;
			sourceTree = "<group>";
		};
		29C57BEE202C801900BEF614 /* WebViewController */ = {
			isa = PBXGroup;
			children = (
				29C57BF0202C82DE00BEF614 /* RCCWebViewController.h */,
				29C57BF1202C82DE00BEF614 /* RCCWebViewController.m */,
			);
			name = WebViewController;
			sourceTree = "<group>";
		};
		29DEFFFA202D6D21000E424B /* DataSource */ = {
			isa = PBXGroup;
			children = (
				29DEFFFB202D6D45000E424B /* RCCContentListDataSource.h */,
				29DEFFFC202D6D45000E424B /* RCCContentListDataSource.m */,
			);
			name = DataSource;
			sourceTree = "<group>";
		};
		29F7CFF6202D639500B75900 /* Model */ = {
			isa = PBXGroup;
			children = (
				29F7CFF7202D63C000B75900 /* RCCContentData.h */,
				29F7CFF8202D63C000B75900 /* RCCContentData.m */,
				29F7CFFA202D65F800B75900 /* RCCContentProvider.h */,
				29F7CFFB202D65F800B75900 /* RCCContentProvider.m */,
			);
			name = Model;
			sourceTree = "<group>";
		};
		2D1838E038A14E2A33D6663F /* Pods */ = {
			isa = PBXGroup;
			children = (
				F19B7878D4EE03C578E83A34 /* Pods-RCC Guide.debug.xcconfig */,
				76862CEAC2471AF4591F3478 /* Pods-RCC Guide.release.xcconfig */,
			);
			name = Pods;
			sourceTree = "<group>";
		};
		7FA36203640B53C9C6BB3E63 /* Frameworks */ = {
			isa = PBXGroup;
			children = (
				29C57BF3202C848200BEF614 /* WebKit.framework */,
				736C0DADB86A380D889AC054 /* Pods_RCC_Guide.framework */,
			);
			name = Frameworks;
			sourceTree = "<group>";
		};
/* End PBXGroup section */

/* Begin PBXNativeTarget section */
		29C432842029D8D7009EC2CF /* RCC Guide */ = {
			isa = PBXNativeTarget;
			buildConfigurationList = 29C4329B2029D8D7009EC2CF /* Build configuration list for PBXNativeTarget "RCC Guide" */;
			buildPhases = (
				2937C93C25D3C7DB678A642D /* [CP] Check Pods Manifest.lock */,
				29C432812029D8D7009EC2CF /* Sources */,
				29C432822029D8D7009EC2CF /* Frameworks */,
				29C432832029D8D7009EC2CF /* Resources */,
				2497E1D80C1B59DD4B078D2A /* [CP] Embed Pods Frameworks */,
				F559F596816081901283A738 /* [CP] Copy Pods Resources */,
			);
			buildRules = (
			);
			dependencies = (
			);
			name = "RCC Guide";
			productName = "RCC Guide";
			productReference = 29C432852029D8D7009EC2CF /* RCC Guide.app */;
			productType = "com.apple.product-type.application";
		};
/* End PBXNativeTarget section */

/* Begin PBXProject section */
		29C4327D2029D8D7009EC2CF /* Project object */ = {
			isa = PBXProject;
			attributes = {
				CLASSPREFIX = RCC;
				LastUpgradeCheck = 0920;
				ORGANIZATIONNAME = "Afonin Alexandr";
				TargetAttributes = {
					29C432842029D8D7009EC2CF = {
						CreatedOnToolsVersion = 9.2;
						ProvisioningStyle = Automatic;
					};
				};
			};
			buildConfigurationList = 29C432802029D8D7009EC2CF /* Build configuration list for PBXProject "RCC Guide" */;
			compatibilityVersion = "Xcode 8.0";
			developmentRegion = en;
			hasScannedForEncodings = 0;
			knownRegions = (
				en,
				Base,
			);
			mainGroup = 29C4327C2029D8D7009EC2CF;
			productRefGroup = 29C432862029D8D7009EC2CF /* Products */;
			projectDirPath = "";
			projectRoot = "";
			targets = (
				29C432842029D8D7009EC2CF /* RCC Guide */,
			);
		};
/* End PBXProject section */

/* Begin PBXResourcesBuildPhase section */
		29C432832029D8D7009EC2CF /* Resources */ = {
			isa = PBXResourcesBuildPhase;
			buildActionMask = 2147483647;
			files = (
				29C57BC5202C1FCD00BEF614 /* AppMenu.plist in Resources */,
				29C432A22029DF16009EC2CF /* NotoSans-Regular.ttf in Resources */,
				29F7CFFE202D685300B75900 /* output.json in Resources */,
				29C432922029D8D7009EC2CF /* Assets.xcassets in Resources */,
				29C432A32029DF16009EC2CF /* NotoSans-Bold.ttf in Resources */,
				29C275DE202B19D70054B652 /* Main.storyboard in Resources */,
				29C432902029D8D7009EC2CF /* Content.storyboard in Resources */,
				291EA3F1202DC40F0060A98A /* ContentAppInformation.plist in Resources */,
			);
			runOnlyForDeploymentPostprocessing = 0;
		};
/* End PBXResourcesBuildPhase section */

/* Begin PBXShellScriptBuildPhase section */
		2497E1D80C1B59DD4B078D2A /* [CP] Embed Pods Frameworks */ = {
			isa = PBXShellScriptBuildPhase;
			buildActionMask = 2147483647;
			files = (
			);
			inputPaths = (
			);
			name = "[CP] Embed Pods Frameworks";
			outputPaths = (
			);
			runOnlyForDeploymentPostprocessing = 0;
			shellPath = /bin/sh;
			shellScript = "\"${SRCROOT}/Pods/Target Support Files/Pods-RCC Guide/Pods-RCC Guide-frameworks.sh\"\n";
			showEnvVarsInLog = 0;
		};
		2937C93C25D3C7DB678A642D /* [CP] Check Pods Manifest.lock */ = {
			isa = PBXShellScriptBuildPhase;
			buildActionMask = 2147483647;
			files = (
			);
			inputPaths = (
			);
			name = "[CP] Check Pods Manifest.lock";
			outputPaths = (
			);
			runOnlyForDeploymentPostprocessing = 0;
			shellPath = /bin/sh;
			shellScript = "diff \"${PODS_ROOT}/../Podfile.lock\" \"${PODS_ROOT}/Manifest.lock\" > /dev/null\nif [ $? != 0 ] ; then\n    # print error to STDERR\n    echo \"error: The sandbox is not in sync with the Podfile.lock. Run 'pod install' or update your CocoaPods installation.\" >&2\n    exit 1\nfi\n";
			showEnvVarsInLog = 0;
		};
		F559F596816081901283A738 /* [CP] Copy Pods Resources */ = {
			isa = PBXShellScriptBuildPhase;
			buildActionMask = 2147483647;
			files = (
			);
			inputPaths = (
			);
			name = "[CP] Copy Pods Resources";
			outputPaths = (
			);
			runOnlyForDeploymentPostprocessing = 0;
			shellPath = /bin/sh;
			shellScript = "\"${SRCROOT}/Pods/Target Support Files/Pods-RCC Guide/Pods-RCC Guide-resources.sh\"\n";
			showEnvVarsInLog = 0;
		};
/* End PBXShellScriptBuildPhase section */

/* Begin PBXSourcesBuildPhase section */
		29C432812029D8D7009EC2CF /* Sources */ = {
			isa = PBXSourcesBuildPhase;
			buildActionMask = 2147483647;
			files = (
				29C275EF202B1D840054B652 /* RCCAppMenuViewController.m in Sources */,
				29C432982029D8D7009EC2CF /* main.m in Sources */,
				29C57BCF202C399100BEF614 /* RCCMainSideMenuViewController.m in Sources */,
				29F7CFFC202D65F800B75900 /* RCCContentProvider.m in Sources */,
				29C4328A2029D8D7009EC2CF /* AppDelegate.m in Sources */,
				29C275EB202B1D530054B652 /* RCCContentListViewController.m in Sources */,
				290D38E3203164AE009D6919 /* RCCContentContainerViewController.m in Sources */,
				299E025C2032060300646CFC /* RCCHomeViewController.m in Sources */,
				29C275E7202B1CCC0054B652 /* RCCContentViewController.m in Sources */,
				29F7CFF9202D63C000B75900 /* RCCContentData.m in Sources */,
				290D38E820316557009D6919 /* RCCContentSideMenuViewController.m in Sources */,
				299E025F2032181400646CFC /* UIFont+RCCApp.m in Sources */,
				29C57BC8202C31B700BEF614 /* UIColor+RCCAppColor.m in Sources */,
				29C57BC3202C1C8700BEF614 /* RCCAppMenuItem.m in Sources */,
				29C57BF2202C82DE00BEF614 /* RCCWebViewController.m in Sources */,
				29C57BBC202C101500BEF614 /* RCCContentMainMenuViewController.m in Sources */,
				29C57BC0202C1BAE00BEF614 /* RCCAppMenuDataSource.m in Sources */,
				29DEFFFD202D6D45000E424B /* RCCContentListDataSource.m in Sources */,
			);
			runOnlyForDeploymentPostprocessing = 0;
		};
/* End PBXSourcesBuildPhase section */

/* Begin PBXVariantGroup section */
		29C4328E2029D8D7009EC2CF /* Content.storyboard */ = {
			isa = PBXVariantGroup;
			children = (
				29C4328F2029D8D7009EC2CF /* Base */,
			);
			name = Content.storyboard;
			sourceTree = "<group>";
		};
/* End PBXVariantGroup section */

/* Begin XCBuildConfiguration section */
		29C432992029D8D7009EC2CF /* Debug */ = {
			isa = XCBuildConfiguration;
			buildSettings = {
				ALWAYS_SEARCH_USER_PATHS = NO;
				CLANG_ANALYZER_NONNULL = YES;
				CLANG_ANALYZER_NUMBER_OBJECT_CONVERSION = YES_AGGRESSIVE;
				CLANG_CXX_LANGUAGE_STANDARD = "gnu++14";
				CLANG_CXX_LIBRARY = "libc++";
				CLANG_ENABLE_MODULES = YES;
				CLANG_ENABLE_OBJC_ARC = YES;
				CLANG_WARN_BLOCK_CAPTURE_AUTORELEASING = YES;
				CLANG_WARN_BOOL_CONVERSION = YES;
				CLANG_WARN_COMMA = YES;
				CLANG_WARN_CONSTANT_CONVERSION = YES;
				CLANG_WARN_DIRECT_OBJC_ISA_USAGE = YES_ERROR;
				CLANG_WARN_DOCUMENTATION_COMMENTS = YES;
				CLANG_WARN_EMPTY_BODY = YES;
				CLANG_WARN_ENUM_CONVERSION = YES;
				CLANG_WARN_INFINITE_RECURSION = YES;
				CLANG_WARN_INT_CONVERSION = YES;
				CLANG_WARN_NON_LITERAL_NULL_CONVERSION = YES;
				CLANG_WARN_OBJC_LITERAL_CONVERSION = YES;
				CLANG_WARN_OBJC_ROOT_CLASS = YES_ERROR;
				CLANG_WARN_RANGE_LOOP_ANALYSIS = YES;
				CLANG_WARN_STRICT_PROTOTYPES = YES;
				CLANG_WARN_SUSPICIOUS_MOVE = YES;
				CLANG_WARN_UNGUARDED_AVAILABILITY = YES_AGGRESSIVE;
				CLANG_WARN_UNREACHABLE_CODE = YES;
				CLANG_WARN__DUPLICATE_METHOD_MATCH = YES;
				CODE_SIGN_IDENTITY = "iPhone Developer";
				COPY_PHASE_STRIP = NO;
				DEBUG_INFORMATION_FORMAT = dwarf;
				ENABLE_STRICT_OBJC_MSGSEND = YES;
				ENABLE_TESTABILITY = YES;
				GCC_C_LANGUAGE_STANDARD = gnu11;
				GCC_DYNAMIC_NO_PIC = NO;
				GCC_NO_COMMON_BLOCKS = YES;
				GCC_OPTIMIZATION_LEVEL = 0;
				GCC_PREPROCESSOR_DEFINITIONS = (
					"DEBUG=1",
					"$(inherited)",
				);
				GCC_WARN_64_TO_32_BIT_CONVERSION = YES;
				GCC_WARN_ABOUT_RETURN_TYPE = YES_ERROR;
				GCC_WARN_UNDECLARED_SELECTOR = YES;
				GCC_WARN_UNINITIALIZED_AUTOS = YES_AGGRESSIVE;
				GCC_WARN_UNUSED_FUNCTION = YES;
				GCC_WARN_UNUSED_VARIABLE = YES;
				IPHONEOS_DEPLOYMENT_TARGET = 11.2;
				MTL_ENABLE_DEBUG_INFO = YES;
				ONLY_ACTIVE_ARCH = YES;
				SDKROOT = iphoneos;
			};
			name = Debug;
		};
		29C4329A2029D8D7009EC2CF /* Release */ = {
			isa = XCBuildConfiguration;
			buildSettings = {
				ALWAYS_SEARCH_USER_PATHS = NO;
				CLANG_ANALYZER_NONNULL = YES;
				CLANG_ANALYZER_NUMBER_OBJECT_CONVERSION = YES_AGGRESSIVE;
				CLANG_CXX_LANGUAGE_STANDARD = "gnu++14";
				CLANG_CXX_LIBRARY = "libc++";
				CLANG_ENABLE_MODULES = YES;
				CLANG_ENABLE_OBJC_ARC = YES;
				CLANG_WARN_BLOCK_CAPTURE_AUTORELEASING = YES;
				CLANG_WARN_BOOL_CONVERSION = YES;
				CLANG_WARN_COMMA = YES;
				CLANG_WARN_CONSTANT_CONVERSION = YES;
				CLANG_WARN_DIRECT_OBJC_ISA_USAGE = YES_ERROR;
				CLANG_WARN_DOCUMENTATION_COMMENTS = YES;
				CLANG_WARN_EMPTY_BODY = YES;
				CLANG_WARN_ENUM_CONVERSION = YES;
				CLANG_WARN_INFINITE_RECURSION = YES;
				CLANG_WARN_INT_CONVERSION = YES;
				CLANG_WARN_NON_LITERAL_NULL_CONVERSION = YES;
				CLANG_WARN_OBJC_LITERAL_CONVERSION = YES;
				CLANG_WARN_OBJC_ROOT_CLASS = YES_ERROR;
				CLANG_WARN_RANGE_LOOP_ANALYSIS = YES;
				CLANG_WARN_STRICT_PROTOTYPES = YES;
				CLANG_WARN_SUSPICIOUS_MOVE = YES;
				CLANG_WARN_UNGUARDED_AVAILABILITY = YES_AGGRESSIVE;
				CLANG_WARN_UNREACHABLE_CODE = YES;
				CLANG_WARN__DUPLICATE_METHOD_MATCH = YES;
				CODE_SIGN_IDENTITY = "iPhone Developer";
				COPY_PHASE_STRIP = NO;
				DEBUG_INFORMATION_FORMAT = "dwarf-with-dsym";
				ENABLE_NS_ASSERTIONS = NO;
				ENABLE_STRICT_OBJC_MSGSEND = YES;
				GCC_C_LANGUAGE_STANDARD = gnu11;
				GCC_NO_COMMON_BLOCKS = YES;
				GCC_WARN_64_TO_32_BIT_CONVERSION = YES;
				GCC_WARN_ABOUT_RETURN_TYPE = YES_ERROR;
				GCC_WARN_UNDECLARED_SELECTOR = YES;
				GCC_WARN_UNINITIALIZED_AUTOS = YES_AGGRESSIVE;
				GCC_WARN_UNUSED_FUNCTION = YES;
				GCC_WARN_UNUSED_VARIABLE = YES;
				IPHONEOS_DEPLOYMENT_TARGET = 11.2;
				MTL_ENABLE_DEBUG_INFO = NO;
				SDKROOT = iphoneos;
				VALIDATE_PRODUCT = YES;
			};
			name = Release;
		};
		29C4329C2029D8D7009EC2CF /* Debug */ = {
			isa = XCBuildConfiguration;
			baseConfigurationReference = F19B7878D4EE03C578E83A34 /* Pods-RCC Guide.debug.xcconfig */;
			buildSettings = {
				ASSETCATALOG_COMPILER_APPICON_NAME = AppIcon;
				ASSETCATALOG_COMPILER_LAUNCHIMAGE_NAME = LaunchImage;
				CODE_SIGN_STYLE = Automatic;
				DEVELOPMENT_TEAM = SUAWT97CSE;
				INFOPLIST_FILE = "RCC Guide/Info.plist";
				IPHONEOS_DEPLOYMENT_TARGET = 10.0;
				LD_RUNPATH_SEARCH_PATHS = "$(inherited) @executable_path/Frameworks";
				PRODUCT_BUNDLE_IDENTIFIER = "Sibers.RCC-Guide";
				PRODUCT_NAME = "$(TARGET_NAME)";
				TARGETED_DEVICE_FAMILY = 1;
			};
			name = Debug;
		};
		29C4329D2029D8D7009EC2CF /* Release */ = {
			isa = XCBuildConfiguration;
			baseConfigurationReference = 76862CEAC2471AF4591F3478 /* Pods-RCC Guide.release.xcconfig */;
			buildSettings = {
				ASSETCATALOG_COMPILER_APPICON_NAME = AppIcon;
				ASSETCATALOG_COMPILER_LAUNCHIMAGE_NAME = LaunchImage;
				CODE_SIGN_STYLE = Automatic;
				DEVELOPMENT_TEAM = SUAWT97CSE;
				INFOPLIST_FILE = "RCC Guide/Info.plist";
				IPHONEOS_DEPLOYMENT_TARGET = 10.0;
				LD_RUNPATH_SEARCH_PATHS = "$(inherited) @executable_path/Frameworks";
				PRODUCT_BUNDLE_IDENTIFIER = "Sibers.RCC-Guide";
				PRODUCT_NAME = "$(TARGET_NAME)";
				TARGETED_DEVICE_FAMILY = 1;
			};
			name = Release;
		};
/* End XCBuildConfiguration section */

/* Begin XCConfigurationList section */
		29C432802029D8D7009EC2CF /* Build configuration list for PBXProject "RCC Guide" */ = {
			isa = XCConfigurationList;
			buildConfigurations = (
				29C432992029D8D7009EC2CF /* Debug */,
				29C4329A2029D8D7009EC2CF /* Release */,
			);
			defaultConfigurationIsVisible = 0;
			defaultConfigurationName = Release;
		};
		29C4329B2029D8D7009EC2CF /* Build configuration list for PBXNativeTarget "RCC Guide" */ = {
			isa = XCConfigurationList;
			buildConfigurations = (
				29C4329C2029D8D7009EC2CF /* Debug */,
				29C4329D2029D8D7009EC2CF /* Release */,
			);
			defaultConfigurationIsVisible = 0;
			defaultConfigurationName = Release;
		};
/* End XCConfigurationList section */
	};
	rootObject = 29C4327D2029D8D7009EC2CF /* Project object */;
}
